
Microsoft Visual Studio Solution File, Format Version 12.00
# Visual Studio Version 16
VisualStudioVersion = 16.0.30907.101
MinimumVisualStudioVersion = 10.0.40219.1
Project("{FAE04EC0-301F-11D3-BF4B-00C04F79EFBC}") = "AplicacionPrueba", "AplicacionPrueba\AplicacionPrueba.csproj", "{77CAF3FE-B71E-4C71-91B0-498F9A19916B}"
EndProject
Global
	GlobalSection(SolutionConfigurationPlatforms) = preSolution
		Debug|Any CPU = Debug|Any CPU
		Release|Any CPU = Release|Any CPU
	EndGlobalSection
	GlobalSection(ProjectConfigurationPlatforms) = postSolution
		{77CAF3FE-B71E-4C71-91B0-498F9A19916B}.Debug|Any CPU.ActiveCfg = Debug|Any CPU
		{77CAF3FE-B71E-4C71-91B0-498F9A19916B}.Debug|Any CPU.Build.0 = Debug|Any CPU
		{77CAF3FE-B71E-4C71-91B0-498F9A19916B}.Release|Any CPU.ActiveCfg = Release|Any CPU
		{77CAF3FE-B71E-4C71-91B0-498F9A19916B}.Release|Any CPU.Build.0 = Release|Any CPU
	EndGlobalSection
	GlobalSection(SolutionProperties) = preSolution
		HideSolutionNode = FALSE
	EndGlobalSection
	GlobalSection(ExtensibilityGlobals) = postSolution
		SolutionGuid = {51F71F27-8F5C-4DAB-83CC-A1D1FED691E4}
	EndGlobalSection
EndGlobal
